
Microsoft Visual Studio Solution File, Format Version 12.00
# Visual Studio Version 17
VisualStudioVersion = 17.11.35222.181
MinimumVisualStudioVersion = 10.0.40219.1
Project("{FAE04EC0-301F-11D3-BF4B-00C04F79EFBC}") = "CSharpSolution", "CSharpSolution\CSharpSolution.csproj", "{0415524F-2A5F-44AC-943D-013E52448910}"
EndProject
Project("{FAE04EC0-301F-11D3-BF4B-00C04F79EFBC}") = "DelegatesExample", "DelegatesExample\DelegatesExample.csproj", "{02EA2629-EA7F-479D-BD69-31D8953BAAE1}"
EndProject
Project("{2150E333-8FDC-42A3-9474-1A3956D46DE8}") = "DesignPattern", "DesignPattern", "{0970FBBF-F694-4CEF-BBF8-A2F0FCC05CBF}"
	ProjectSection(SolutionItems) = preProject
		DesignPattern_Notes.txt = DesignPattern_Notes.txt
		TextFile1.txt = TextFile1.txt
	EndProjectSection
EndProject
Project("{FAE04EC0-301F-11D3-BF4B-00C04F79EFBC}") = "Singleton", "Singleton\Singleton.csproj", "{A1FDD1EF-1A48-4974-9B85-481E159CF3BC}"
EndProject
Project("{FAE04EC0-301F-11D3-BF4B-00C04F79EFBC}") = "SingletonDemo", "SingletonDemo\SingletonDemo.csproj", "{D0B95BAC-46E3-4680-B398-546B0AC473B4}"
EndProject
Project("{FAE04EC0-301F-11D3-BF4B-00C04F79EFBC}") = "FactoryDesignPattern", "FactoryDesignPattern\FactoryDesignPattern.csproj", "{5B1DCC34-DD24-48FD-A2B9-09C56528D057}"
EndProject
Project("{2150E333-8FDC-42A3-9474-1A3956D46DE8}") = "CreationalDesignPattern", "CreationalDesignPattern", "{90263D66-20CD-4E26-9A76-84C94BBC8E9B}"
EndProject
Project("{2150E333-8FDC-42A3-9474-1A3956D46DE8}") = "StructuralDesignPattern", "StructuralDesignPattern", "{2729D39F-72E9-4457-8036-D6385B981EE0}"
EndProject
Project("{FAE04EC0-301F-11D3-BF4B-00C04F79EFBC}") = "AdapterDesignPattern", "AdapterDesignPattern\AdapterDesignPattern.csproj", "{7A052261-13EB-4637-9EF9-98CC4282B306}"
EndProject
Project("{FAE04EC0-301F-11D3-BF4B-00C04F79EFBC}") = "BuilderDesignPattern", "BuilderDesignPattern\BuilderDesignPattern.csproj", "{EDFE2315-D184-4FDE-97D6-649A957C5075}"
EndProject
Project("{FAE04EC0-301F-11D3-BF4B-00C04F79EFBC}") = "AbstractDesignPattern", "AbstractDesignPattern\AbstractDesignPattern.csproj", "{0D82AA20-9A9F-46D5-9E49-406517B5B9BE}"
EndProject
Project("{2150E333-8FDC-42A3-9474-1A3956D46DE8}") = "Collections", "Collections", "{CB459F93-9E83-4A6D-A33B-AD8242B2123C}"
EndProject
Project("{2150E333-8FDC-42A3-9474-1A3956D46DE8}") = "AsynchronousProgramming", "AsynchronousProgramming", "{50DBC4BC-54FB-4B3C-975A-CE123EEFE1D4}"
EndProject
Project("{2150E333-8FDC-42A3-9474-1A3956D46DE8}") = "AutoMapper", "AutoMapper", "{D9E5254A-BFE7-4AB5-9017-4CD3A96FFEA9}"
EndProject
Project("{2150E333-8FDC-42A3-9474-1A3956D46DE8}") = "Common", "Common", "{190686D1-4084-4D87-A6DE-7195E5BCCE2D}"
	ProjectSection(SolutionItems) = preProject
		CommonCSharpNotes.txt = CommonCSharpNotes.txt
	EndProjectSection
EndProject
Project("{2150E333-8FDC-42A3-9474-1A3956D46DE8}") = "Delegates", "Delegates", "{A0C02B8B-313C-41DF-A10B-E41659F54463}"
EndProject
Project("{2150E333-8FDC-42A3-9474-1A3956D46DE8}") = "DotNetBasics", "DotNetBasics", "{43C0A780-7F86-4DE9-B969-29C778364930}"
EndProject
Project("{2150E333-8FDC-42A3-9474-1A3956D46DE8}") = "DSA", "DSA", "{E217925E-C113-44B3-9F5F-9FF8D8581E96}"
EndProject
Project("{2150E333-8FDC-42A3-9474-1A3956D46DE8}") = "ExceptionHandling", "ExceptionHandling", "{D4BB565B-EDAC-49E1-811F-DC8E74F9948F}"
EndProject
Project("{2150E333-8FDC-42A3-9474-1A3956D46DE8}") = "FileHandling", "FileHandling", "{A4A1B1B6-2222-4FF4-A919-5EC61A42EC73}"
EndProject
Project("{2150E333-8FDC-42A3-9474-1A3956D46DE8}") = "Generic", "Generic", "{48FF97A1-EA13-44C6-BF2E-742BC0F34738}"
EndProject
Project("{2150E333-8FDC-42A3-9474-1A3956D46DE8}") = "Multithreading", "Multithreading", "{38E9C9EB-0DBE-4837-B9DD-610BE364C83F}"
EndProject
Project("{2150E333-8FDC-42A3-9474-1A3956D46DE8}") = "OOPs", "OOPs", "{ED8C806C-A8C5-4D5C-8575-F2171FB31AB9}"
	ProjectSection(SolutionItems) = preProject
		TextFile2.txt = TextFile2.txt
	EndProjectSection
EndProject
Project("{2150E333-8FDC-42A3-9474-1A3956D46DE8}") = "ParallelProgramming", "ParallelProgramming", "{ED1D333D-69B7-4ADC-8538-F953C598F12A}"
EndProject
Project("{2150E333-8FDC-42A3-9474-1A3956D46DE8}") = "SolidDesignPrinciples", "SolidDesignPrinciples", "{E8A6F063-F69D-411E-8840-BA3FC7750579}"
EndProject
Project("{2150E333-8FDC-42A3-9474-1A3956D46DE8}") = "DataStructure", "DataStructure", "{D1387937-7289-4DB5-8D00-D58B39914EB3}"
	ProjectSection(SolutionItems) = preProject
		DataStructur_Notes.txt = DataStructur_Notes.txt
	EndProjectSection
EndProject
Project("{2150E333-8FDC-42A3-9474-1A3956D46DE8}") = "Algorithms", "Algorithms", "{62D4F934-DEE7-4040-A756-6A95690AFCCA}"
	ProjectSection(SolutionItems) = preProject
		Algorithm_Notes.txt = Algorithm_Notes.txt
	EndProjectSection
EndProject
Project("{2150E333-8FDC-42A3-9474-1A3956D46DE8}") = "BehavioralDesignPattern", "BehavioralDesignPattern", "{B3965B06-629F-48FA-9754-1233A342C36F}"
EndProject
Project("{FAE04EC0-301F-11D3-BF4B-00C04F79EFBC}") = "SingletonWithLazyInitialization", "SingletonWithLazyInitialization\SingletonWithLazyInitialization.csproj", "{DDB153EA-E8A1-449B-8C64-728CEA5AE4E0}"
EndProject
Project("{FAE04EC0-301F-11D3-BF4B-00C04F79EFBC}") = "SingletonPracticeWithLock", "SingletonPracticeWithLock\SingletonPracticeWithLock.csproj", "{29A46D55-C8B7-47E5-BCAC-321D9B27ECD7}"
EndProject
Project("{FAE04EC0-301F-11D3-BF4B-00C04F79EFBC}") = "SingletonRealLifeExamples", "SingletonRealLifeExamples\SingletonRealLifeExamples.csproj", "{802611E8-38F4-4632-87D2-49A1B27B3768}"
EndProject
Project("{FAE04EC0-301F-11D3-BF4B-00C04F79EFBC}") = "FactoryMethodDesignPatternRealLifeExample", "FactoryMethodDesignPatternRealLifeExample\FactoryMethodDesignPatternRealLifeExample.csproj", "{1780D905-B06A-45FD-B2FF-22A2CF518720}"
EndProject
Project("{FAE04EC0-301F-11D3-BF4B-00C04F79EFBC}") = "FactoryMethodVehicleService", "FactoryMethodVehicleService\FactoryMethodVehicleService.csproj", "{B34D1A97-23E9-4109-AB58-F6BC27F6AAA1}"
EndProject
Project("{FAE04EC0-301F-11D3-BF4B-00C04F79EFBC}") = "BuilderPatternCarExample", "BuilderPatternCarExample\BuilderPatternCarExample.csproj", "{0DEC8D8B-2DD4-4320-8E6F-9BE11B964368}"
EndProject
Project("{FAE04EC0-301F-11D3-BF4B-00C04F79EFBC}") = "PrototypeDesignPattern", "PrototypeDesignPattern\PrototypeDesignPattern.csproj", "{C4E30E52-EFAD-4934-AFFF-BC9EB07DBB42}"
EndProject
Project("{FAE04EC0-301F-11D3-BF4B-00C04F79EFBC}") = "MemberwiseCloneMethodExample", "MemberwiseCloneMethodExample\MemberwiseCloneMethodExample.csproj", "{92D096F0-7EB4-469F-A84B-3402C98E282F}"
EndProject
Project("{FAE04EC0-301F-11D3-BF4B-00C04F79EFBC}") = "ReadonlyExamples", "ReadonlyExamples\ReadonlyExamples.csproj", "{3715E8A1-8FE6-4E33-B3E7-628BC9056165}"
EndProject
Project("{FAE04EC0-301F-11D3-BF4B-00C04F79EFBC}") = "CallByReference", "CallByReference\CallByReference.csproj", "{CF086297-2DEF-4DD9-B6D6-C71FF2B95722}"
EndProject
Project("{FAE04EC0-301F-11D3-BF4B-00C04F79EFBC}") = "CallByValue", "CallByValue\CallByValue.csproj", "{A4301F5B-26CD-4FBE-B715-3E9F3F72DA02}"
EndProject
Project("{FAE04EC0-301F-11D3-BF4B-00C04F79EFBC}") = "OutKeyword", "OutKeyword\OutKeyword.csproj", "{185FE945-8288-4384-8581-FBA0719E6E79}"
EndProject
Project("{FAE04EC0-301F-11D3-BF4B-00C04F79EFBC}") = "ShallowCopy", "ShallowAndDeepCopy\ShallowCopy.csproj", "{70DC1899-1F9B-4100-AD28-C4B45CC7F984}"
EndProject
Project("{FAE04EC0-301F-11D3-BF4B-00C04F79EFBC}") = "ShallowCopyExample", "ShallowCopyExample\ShallowCopyExample.csproj", "{F0D5B314-B7E6-49EF-A27B-F38D5F9445B1}"
EndProject
Project("{FAE04EC0-301F-11D3-BF4B-00C04F79EFBC}") = "DeepCopyExample", "DeepCopyExample\DeepCopyExample.csproj", "{369200B9-0D18-4877-BE1E-50011C1DCD2C}"
EndProject
Project("{2150E333-8FDC-42A3-9474-1A3956D46DE8}") = "Array", "Array", "{9C1A6610-C0CC-423D-B97C-14E0A6456CA9}"
EndProject
Project("{2150E333-8FDC-42A3-9474-1A3956D46DE8}") = "ArrayList", "ArrayList", "{13B1C5D3-D196-4FC5-B5B4-F09DB4288E2A}"
EndProject
Project("{2150E333-8FDC-42A3-9474-1A3956D46DE8}") = "List", "List", "{120D6ADF-BC54-45DB-85F2-C945560CADE2}"
EndProject
Project("{2150E333-8FDC-42A3-9474-1A3956D46DE8}") = "Dictionary", "Dictionary", "{06AED8BF-8086-4A11-820E-E8917709788D}"
EndProject
Project("{2150E333-8FDC-42A3-9474-1A3956D46DE8}") = "HashSet", "HashSet", "{31EBAB03-FDAB-4C9F-AD9D-865CA216173A}"
EndProject
Project("{FAE04EC0-301F-11D3-BF4B-00C04F79EFBC}") = "DeepCopy", "DeepCopy\DeepCopy.csproj", "{41FDE800-1521-4763-87E3-7BF9991653AB}"
EndProject
Global
	GlobalSection(SolutionConfigurationPlatforms) = preSolution
		Debug|Any CPU = Debug|Any CPU
		Release|Any CPU = Release|Any CPU
	EndGlobalSection
	GlobalSection(ProjectConfigurationPlatforms) = postSolution
		{0415524F-2A5F-44AC-943D-013E52448910}.Debug|Any CPU.ActiveCfg = Debug|Any CPU
		{0415524F-2A5F-44AC-943D-013E52448910}.Debug|Any CPU.Build.0 = Debug|Any CPU
		{0415524F-2A5F-44AC-943D-013E52448910}.Release|Any CPU.ActiveCfg = Release|Any CPU
		{0415524F-2A5F-44AC-943D-013E52448910}.Release|Any CPU.Build.0 = Release|Any CPU
		{02EA2629-EA7F-479D-BD69-31D8953BAAE1}.Debug|Any CPU.ActiveCfg = Debug|Any CPU
		{02EA2629-EA7F-479D-BD69-31D8953BAAE1}.Debug|Any CPU.Build.0 = Debug|Any CPU
		{02EA2629-EA7F-479D-BD69-31D8953BAAE1}.Release|Any CPU.ActiveCfg = Release|Any CPU
		{02EA2629-EA7F-479D-BD69-31D8953BAAE1}.Release|Any CPU.Build.0 = Release|Any CPU
		{A1FDD1EF-1A48-4974-9B85-481E159CF3BC}.Debug|Any CPU.ActiveCfg = Debug|Any CPU
		{A1FDD1EF-1A48-4974-9B85-481E159CF3BC}.Debug|Any CPU.Build.0 = Debug|Any CPU
		{A1FDD1EF-1A48-4974-9B85-481E159CF3BC}.Release|Any CPU.ActiveCfg = Release|Any CPU
		{A1FDD1EF-1A48-4974-9B85-481E159CF3BC}.Release|Any CPU.Build.0 = Release|Any CPU
		{D0B95BAC-46E3-4680-B398-546B0AC473B4}.Debug|Any CPU.ActiveCfg = Debug|Any CPU
		{D0B95BAC-46E3-4680-B398-546B0AC473B4}.Debug|Any CPU.Build.0 = Debug|Any CPU
		{D0B95BAC-46E3-4680-B398-546B0AC473B4}.Release|Any CPU.ActiveCfg = Release|Any CPU
		{D0B95BAC-46E3-4680-B398-546B0AC473B4}.Release|Any CPU.Build.0 = Release|Any CPU
		{5B1DCC34-DD24-48FD-A2B9-09C56528D057}.Debug|Any CPU.ActiveCfg = Debug|Any CPU
		{5B1DCC34-DD24-48FD-A2B9-09C56528D057}.Debug|Any CPU.Build.0 = Debug|Any CPU
		{5B1DCC34-DD24-48FD-A2B9-09C56528D057}.Release|Any CPU.ActiveCfg = Release|Any CPU
		{5B1DCC34-DD24-48FD-A2B9-09C56528D057}.Release|Any CPU.Build.0 = Release|Any CPU
		{7A052261-13EB-4637-9EF9-98CC4282B306}.Debug|Any CPU.ActiveCfg = Debug|Any CPU
		{7A052261-13EB-4637-9EF9-98CC4282B306}.Debug|Any CPU.Build.0 = Debug|Any CPU
		{7A052261-13EB-4637-9EF9-98CC4282B306}.Release|Any CPU.ActiveCfg = Release|Any CPU
		{7A052261-13EB-4637-9EF9-98CC4282B306}.Release|Any CPU.Build.0 = Release|Any CPU
		{EDFE2315-D184-4FDE-97D6-649A957C5075}.Debug|Any CPU.ActiveCfg = Debug|Any CPU
		{EDFE2315-D184-4FDE-97D6-649A957C5075}.Debug|Any CPU.Build.0 = Debug|Any CPU
		{EDFE2315-D184-4FDE-97D6-649A957C5075}.Release|Any CPU.ActiveCfg = Release|Any CPU
		{EDFE2315-D184-4FDE-97D6-649A957C5075}.Release|Any CPU.Build.0 = Release|Any CPU
		{0D82AA20-9A9F-46D5-9E49-406517B5B9BE}.Debug|Any CPU.ActiveCfg = Debug|Any CPU
		{0D82AA20-9A9F-46D5-9E49-406517B5B9BE}.Debug|Any CPU.Build.0 = Debug|Any CPU
		{0D82AA20-9A9F-46D5-9E49-406517B5B9BE}.Release|Any CPU.ActiveCfg = Release|Any CPU
		{0D82AA20-9A9F-46D5-9E49-406517B5B9BE}.Release|Any CPU.Build.0 = Release|Any CPU
		{DDB153EA-E8A1-449B-8C64-728CEA5AE4E0}.Debug|Any CPU.ActiveCfg = Debug|Any CPU
		{DDB153EA-E8A1-449B-8C64-728CEA5AE4E0}.Debug|Any CPU.Build.0 = Debug|Any CPU
		{DDB153EA-E8A1-449B-8C64-728CEA5AE4E0}.Release|Any CPU.ActiveCfg = Release|Any CPU
		{DDB153EA-E8A1-449B-8C64-728CEA5AE4E0}.Release|Any CPU.Build.0 = Release|Any CPU
		{29A46D55-C8B7-47E5-BCAC-321D9B27ECD7}.Debug|Any CPU.ActiveCfg = Debug|Any CPU
		{29A46D55-C8B7-47E5-BCAC-321D9B27ECD7}.Debug|Any CPU.Build.0 = Debug|Any CPU
		{29A46D55-C8B7-47E5-BCAC-321D9B27ECD7}.Release|Any CPU.ActiveCfg = Release|Any CPU
		{29A46D55-C8B7-47E5-BCAC-321D9B27ECD7}.Release|Any CPU.Build.0 = Release|Any CPU
		{802611E8-38F4-4632-87D2-49A1B27B3768}.Debug|Any CPU.ActiveCfg = Debug|Any CPU
		{802611E8-38F4-4632-87D2-49A1B27B3768}.Debug|Any CPU.Build.0 = Debug|Any CPU
		{802611E8-38F4-4632-87D2-49A1B27B3768}.Release|Any CPU.ActiveCfg = Release|Any CPU
		{802611E8-38F4-4632-87D2-49A1B27B3768}.Release|Any CPU.Build.0 = Release|Any CPU
		{1780D905-B06A-45FD-B2FF-22A2CF518720}.Debug|Any CPU.ActiveCfg = Debug|Any CPU
		{1780D905-B06A-45FD-B2FF-22A2CF518720}.Debug|Any CPU.Build.0 = Debug|Any CPU
		{1780D905-B06A-45FD-B2FF-22A2CF518720}.Release|Any CPU.ActiveCfg = Release|Any CPU
		{1780D905-B06A-45FD-B2FF-22A2CF518720}.Release|Any CPU.Build.0 = Release|Any CPU
		{B34D1A97-23E9-4109-AB58-F6BC27F6AAA1}.Debug|Any CPU.ActiveCfg = Debug|Any CPU
		{B34D1A97-23E9-4109-AB58-F6BC27F6AAA1}.Debug|Any CPU.Build.0 = Debug|Any CPU
		{B34D1A97-23E9-4109-AB58-F6BC27F6AAA1}.Release|Any CPU.ActiveCfg = Release|Any CPU
		{B34D1A97-23E9-4109-AB58-F6BC27F6AAA1}.Release|Any CPU.Build.0 = Release|Any CPU
		{0DEC8D8B-2DD4-4320-8E6F-9BE11B964368}.Debug|Any CPU.ActiveCfg = Debug|Any CPU
		{0DEC8D8B-2DD4-4320-8E6F-9BE11B964368}.Debug|Any CPU.Build.0 = Debug|Any CPU
		{0DEC8D8B-2DD4-4320-8E6F-9BE11B964368}.Release|Any CPU.ActiveCfg = Release|Any CPU
		{0DEC8D8B-2DD4-4320-8E6F-9BE11B964368}.Release|Any CPU.Build.0 = Release|Any CPU
		{C4E30E52-EFAD-4934-AFFF-BC9EB07DBB42}.Debug|Any CPU.ActiveCfg = Debug|Any CPU
		{C4E30E52-EFAD-4934-AFFF-BC9EB07DBB42}.Debug|Any CPU.Build.0 = Debug|Any CPU
		{C4E30E52-EFAD-4934-AFFF-BC9EB07DBB42}.Release|Any CPU.ActiveCfg = Release|Any CPU
		{C4E30E52-EFAD-4934-AFFF-BC9EB07DBB42}.Release|Any CPU.Build.0 = Release|Any CPU
		{92D096F0-7EB4-469F-A84B-3402C98E282F}.Debug|Any CPU.ActiveCfg = Debug|Any CPU
		{92D096F0-7EB4-469F-A84B-3402C98E282F}.Debug|Any CPU.Build.0 = Debug|Any CPU
		{92D096F0-7EB4-469F-A84B-3402C98E282F}.Release|Any CPU.ActiveCfg = Release|Any CPU
		{92D096F0-7EB4-469F-A84B-3402C98E282F}.Release|Any CPU.Build.0 = Release|Any CPU
		{3715E8A1-8FE6-4E33-B3E7-628BC9056165}.Debug|Any CPU.ActiveCfg = Debug|Any CPU
		{3715E8A1-8FE6-4E33-B3E7-628BC9056165}.Debug|Any CPU.Build.0 = Debug|Any CPU
		{3715E8A1-8FE6-4E33-B3E7-628BC9056165}.Release|Any CPU.ActiveCfg = Release|Any CPU
		{3715E8A1-8FE6-4E33-B3E7-628BC9056165}.Release|Any CPU.Build.0 = Release|Any CPU
		{CF086297-2DEF-4DD9-B6D6-C71FF2B95722}.Debug|Any CPU.ActiveCfg = Debug|Any CPU
		{CF086297-2DEF-4DD9-B6D6-C71FF2B95722}.Debug|Any CPU.Build.0 = Debug|Any CPU
		{CF086297-2DEF-4DD9-B6D6-C71FF2B95722}.Release|Any CPU.ActiveCfg = Release|Any CPU
		{CF086297-2DEF-4DD9-B6D6-C71FF2B95722}.Release|Any CPU.Build.0 = Release|Any CPU
		{A4301F5B-26CD-4FBE-B715-3E9F3F72DA02}.Debug|Any CPU.ActiveCfg = Debug|Any CPU
		{A4301F5B-26CD-4FBE-B715-3E9F3F72DA02}.Debug|Any CPU.Build.0 = Debug|Any CPU
		{A4301F5B-26CD-4FBE-B715-3E9F3F72DA02}.Release|Any CPU.ActiveCfg = Release|Any CPU
		{A4301F5B-26CD-4FBE-B715-3E9F3F72DA02}.Release|Any CPU.Build.0 = Release|Any CPU
		{185FE945-8288-4384-8581-FBA0719E6E79}.Debug|Any CPU.ActiveCfg = Debug|Any CPU
		{185FE945-8288-4384-8581-FBA0719E6E79}.Debug|Any CPU.Build.0 = Debug|Any CPU
		{185FE945-8288-4384-8581-FBA0719E6E79}.Release|Any CPU.ActiveCfg = Release|Any CPU
		{185FE945-8288-4384-8581-FBA0719E6E79}.Release|Any CPU.Build.0 = Release|Any CPU
		{70DC1899-1F9B-4100-AD28-C4B45CC7F984}.Debug|Any CPU.ActiveCfg = Debug|Any CPU
		{70DC1899-1F9B-4100-AD28-C4B45CC7F984}.Debug|Any CPU.Build.0 = Debug|Any CPU
		{70DC1899-1F9B-4100-AD28-C4B45CC7F984}.Release|Any CPU.ActiveCfg = Release|Any CPU
		{70DC1899-1F9B-4100-AD28-C4B45CC7F984}.Release|Any CPU.Build.0 = Release|Any CPU
		{F0D5B314-B7E6-49EF-A27B-F38D5F9445B1}.Debug|Any CPU.ActiveCfg = Debug|Any CPU
		{F0D5B314-B7E6-49EF-A27B-F38D5F9445B1}.Debug|Any CPU.Build.0 = Debug|Any CPU
		{F0D5B314-B7E6-49EF-A27B-F38D5F9445B1}.Release|Any CPU.ActiveCfg = Release|Any CPU
		{F0D5B314-B7E6-49EF-A27B-F38D5F9445B1}.Release|Any CPU.Build.0 = Release|Any CPU
		{369200B9-0D18-4877-BE1E-50011C1DCD2C}.Debug|Any CPU.ActiveCfg = Debug|Any CPU
		{369200B9-0D18-4877-BE1E-50011C1DCD2C}.Debug|Any CPU.Build.0 = Debug|Any CPU
		{369200B9-0D18-4877-BE1E-50011C1DCD2C}.Release|Any CPU.ActiveCfg = Release|Any CPU
		{369200B9-0D18-4877-BE1E-50011C1DCD2C}.Release|Any CPU.Build.0 = Release|Any CPU
		{41FDE800-1521-4763-87E3-7BF9991653AB}.Debug|Any CPU.ActiveCfg = Debug|Any CPU
		{41FDE800-1521-4763-87E3-7BF9991653AB}.Debug|Any CPU.Build.0 = Debug|Any CPU
		{41FDE800-1521-4763-87E3-7BF9991653AB}.Release|Any CPU.ActiveCfg = Release|Any CPU
		{41FDE800-1521-4763-87E3-7BF9991653AB}.Release|Any CPU.Build.0 = Release|Any CPU
	EndGlobalSection
	GlobalSection(SolutionProperties) = preSolution
		HideSolutionNode = FALSE
	EndGlobalSection
	GlobalSection(NestedProjects) = preSolution
		{A1FDD1EF-1A48-4974-9B85-481E159CF3BC} = {90263D66-20CD-4E26-9A76-84C94BBC8E9B}
		{D0B95BAC-46E3-4680-B398-546B0AC473B4} = {90263D66-20CD-4E26-9A76-84C94BBC8E9B}
		{5B1DCC34-DD24-48FD-A2B9-09C56528D057} = {90263D66-20CD-4E26-9A76-84C94BBC8E9B}
		{90263D66-20CD-4E26-9A76-84C94BBC8E9B} = {0970FBBF-F694-4CEF-BBF8-A2F0FCC05CBF}
		{2729D39F-72E9-4457-8036-D6385B981EE0} = {0970FBBF-F694-4CEF-BBF8-A2F0FCC05CBF}
		{7A052261-13EB-4637-9EF9-98CC4282B306} = {2729D39F-72E9-4457-8036-D6385B981EE0}
		{EDFE2315-D184-4FDE-97D6-649A957C5075} = {90263D66-20CD-4E26-9A76-84C94BBC8E9B}
		{0D82AA20-9A9F-46D5-9E49-406517B5B9BE} = {90263D66-20CD-4E26-9A76-84C94BBC8E9B}
		{D1387937-7289-4DB5-8D00-D58B39914EB3} = {E217925E-C113-44B3-9F5F-9FF8D8581E96}
		{62D4F934-DEE7-4040-A756-6A95690AFCCA} = {E217925E-C113-44B3-9F5F-9FF8D8581E96}
		{B3965B06-629F-48FA-9754-1233A342C36F} = {0970FBBF-F694-4CEF-BBF8-A2F0FCC05CBF}
		{DDB153EA-E8A1-449B-8C64-728CEA5AE4E0} = {90263D66-20CD-4E26-9A76-84C94BBC8E9B}
		{29A46D55-C8B7-47E5-BCAC-321D9B27ECD7} = {90263D66-20CD-4E26-9A76-84C94BBC8E9B}
		{802611E8-38F4-4632-87D2-49A1B27B3768} = {90263D66-20CD-4E26-9A76-84C94BBC8E9B}
		{1780D905-B06A-45FD-B2FF-22A2CF518720} = {90263D66-20CD-4E26-9A76-84C94BBC8E9B}
		{B34D1A97-23E9-4109-AB58-F6BC27F6AAA1} = {90263D66-20CD-4E26-9A76-84C94BBC8E9B}
		{0DEC8D8B-2DD4-4320-8E6F-9BE11B964368} = {90263D66-20CD-4E26-9A76-84C94BBC8E9B}
		{C4E30E52-EFAD-4934-AFFF-BC9EB07DBB42} = {90263D66-20CD-4E26-9A76-84C94BBC8E9B}
		{92D096F0-7EB4-469F-A84B-3402C98E282F} = {190686D1-4084-4D87-A6DE-7195E5BCCE2D}
		{3715E8A1-8FE6-4E33-B3E7-628BC9056165} = {190686D1-4084-4D87-A6DE-7195E5BCCE2D}
		{CF086297-2DEF-4DD9-B6D6-C71FF2B95722} = {190686D1-4084-4D87-A6DE-7195E5BCCE2D}
		{A4301F5B-26CD-4FBE-B715-3E9F3F72DA02} = {190686D1-4084-4D87-A6DE-7195E5BCCE2D}
		{185FE945-8288-4384-8581-FBA0719E6E79} = {190686D1-4084-4D87-A6DE-7195E5BCCE2D}
		{70DC1899-1F9B-4100-AD28-C4B45CC7F984} = {190686D1-4084-4D87-A6DE-7195E5BCCE2D}
		{F0D5B314-B7E6-49EF-A27B-F38D5F9445B1} = {190686D1-4084-4D87-A6DE-7195E5BCCE2D}
		{369200B9-0D18-4877-BE1E-50011C1DCD2C} = {190686D1-4084-4D87-A6DE-7195E5BCCE2D}
		{9C1A6610-C0CC-423D-B97C-14E0A6456CA9} = {CB459F93-9E83-4A6D-A33B-AD8242B2123C}
		{13B1C5D3-D196-4FC5-B5B4-F09DB4288E2A} = {CB459F93-9E83-4A6D-A33B-AD8242B2123C}
		{120D6ADF-BC54-45DB-85F2-C945560CADE2} = {CB459F93-9E83-4A6D-A33B-AD8242B2123C}
		{06AED8BF-8086-4A11-820E-E8917709788D} = {CB459F93-9E83-4A6D-A33B-AD8242B2123C}
		{31EBAB03-FDAB-4C9F-AD9D-865CA216173A} = {CB459F93-9E83-4A6D-A33B-AD8242B2123C}
		{41FDE800-1521-4763-87E3-7BF9991653AB} = {190686D1-4084-4D87-A6DE-7195E5BCCE2D}
	EndGlobalSection
	GlobalSection(ExtensibilityGlobals) = postSolution
		SolutionGuid = {B9A8786F-0FD5-4085-BA6B-F16A880761D9}
	EndGlobalSection
EndGlobal
