
Microsoft Visual Studio Solution File, Format Version 12.00
# Visual Studio Version 17
VisualStudioVersion = 17.11.35222.181
MinimumVisualStudioVersion = 10.0.40219.1
Project("{FAE04EC0-301F-11D3-BF4B-00C04F79EFBC}") = "CSharpSolution", "CSharpSolution\CSharpSolution.csproj", "{0415524F-2A5F-44AC-943D-013E52448910}"
EndProject
Project("{FAE04EC0-301F-11D3-BF4B-00C04F79EFBC}") = "DelegatesExample", "DelegatesExample\DelegatesExample.csproj", "{02EA2629-EA7F-479D-BD69-31D8953BAAE1}"
EndProject
Project("{2150E333-8FDC-42A3-9474-1A3956D46DE8}") = "DesignPattern", "DesignPattern", "{0970FBBF-F694-4CEF-BBF8-A2F0FCC05CBF}"
	ProjectSection(SolutionItems) = preProject
		DesignPattern_Notes.txt = DesignPattern_Notes.txt
		TextFile1.txt = TextFile1.txt
	EndProjectSection
EndProject
Project("{FAE04EC0-301F-11D3-BF4B-00C04F79EFBC}") = "Singleton", "Singleton\Singleton.csproj", "{A1FDD1EF-1A48-4974-9B85-481E159CF3BC}"
EndProject
Project("{FAE04EC0-301F-11D3-BF4B-00C04F79EFBC}") = "SingletonDemo", "SingletonDemo\SingletonDemo.csproj", "{D0B95BAC-46E3-4680-B398-546B0AC473B4}"
EndProject
Project("{FAE04EC0-301F-11D3-BF4B-00C04F79EFBC}") = "FactoryDesignPattern", "FactoryDesignPattern\FactoryDesignPattern.csproj", "{5B1DCC34-DD24-48FD-A2B9-09C56528D057}"
EndProject
Project("{2150E333-8FDC-42A3-9474-1A3956D46DE8}") = "CreationalDesignPattern", "CreationalDesignPattern", "{90263D66-20CD-4E26-9A76-84C94BBC8E9B}"
EndProject
Project("{2150E333-8FDC-42A3-9474-1A3956D46DE8}") = "StructuralDesignPattern", "StructuralDesignPattern", "{2729D39F-72E9-4457-8036-D6385B981EE0}"
EndProject
Project("{FAE04EC0-301F-11D3-BF4B-00C04F79EFBC}") = "AdapterDesignPattern", "AdapterDesignPattern\AdapterDesignPattern.csproj", "{7A052261-13EB-4637-9EF9-98CC4282B306}"
EndProject
Project("{FAE04EC0-301F-11D3-BF4B-00C04F79EFBC}") = "BuilderDesignPattern", "BuilderDesignPattern\BuilderDesignPattern.csproj", "{EDFE2315-D184-4FDE-97D6-649A957C5075}"
EndProject
Project("{FAE04EC0-301F-11D3-BF4B-00C04F79EFBC}") = "AbstractDesignPattern", "AbstractDesignPattern\AbstractDesignPattern.csproj", "{0D82AA20-9A9F-46D5-9E49-406517B5B9BE}"
EndProject
Project("{2150E333-8FDC-42A3-9474-1A3956D46DE8}") = "Collections", "Collections", "{CB459F93-9E83-4A6D-A33B-AD8242B2123C}"
	ProjectSection(SolutionItems) = preProject
		Collection_Notes.txt = Collection_Notes.txt
	EndProjectSection
EndProject
Project("{2150E333-8FDC-42A3-9474-1A3956D46DE8}") = "AsynchronousProgramming", "AsynchronousProgramming", "{50DBC4BC-54FB-4B3C-975A-CE123EEFE1D4}"
EndProject
Project("{2150E333-8FDC-42A3-9474-1A3956D46DE8}") = "AutoMapper", "AutoMapper", "{D9E5254A-BFE7-4AB5-9017-4CD3A96FFEA9}"
EndProject
Project("{2150E333-8FDC-42A3-9474-1A3956D46DE8}") = "Common", "Common", "{190686D1-4084-4D87-A6DE-7195E5BCCE2D}"
	ProjectSection(SolutionItems) = preProject
		CommonCSharpNotes.txt = CommonCSharpNotes.txt
	EndProjectSection
EndProject
Project("{2150E333-8FDC-42A3-9474-1A3956D46DE8}") = "Delegates", "Delegates", "{A0C02B8B-313C-41DF-A10B-E41659F54463}"
EndProject
Project("{2150E333-8FDC-42A3-9474-1A3956D46DE8}") = "DotNetBasics", "DotNetBasics", "{43C0A780-7F86-4DE9-B969-29C778364930}"
EndProject
Project("{2150E333-8FDC-42A3-9474-1A3956D46DE8}") = "DSA", "DSA", "{E217925E-C113-44B3-9F5F-9FF8D8581E96}"
EndProject
Project("{2150E333-8FDC-42A3-9474-1A3956D46DE8}") = "ExceptionHandling", "ExceptionHandling", "{D4BB565B-EDAC-49E1-811F-DC8E74F9948F}"
EndProject
Project("{2150E333-8FDC-42A3-9474-1A3956D46DE8}") = "FileHandling", "FileHandling", "{A4A1B1B6-2222-4FF4-A919-5EC61A42EC73}"
EndProject
Project("{2150E333-8FDC-42A3-9474-1A3956D46DE8}") = "Generic", "Generic", "{48FF97A1-EA13-44C6-BF2E-742BC0F34738}"
EndProject
Project("{2150E333-8FDC-42A3-9474-1A3956D46DE8}") = "Multithreading", "Multithreading", "{38E9C9EB-0DBE-4837-B9DD-610BE364C83F}"
EndProject
Project("{2150E333-8FDC-42A3-9474-1A3956D46DE8}") = "OOPs", "OOPs", "{ED8C806C-A8C5-4D5C-8575-F2171FB31AB9}"
	ProjectSection(SolutionItems) = preProject
		TextFile2.txt = TextFile2.txt
	EndProjectSection
EndProject
Project("{2150E333-8FDC-42A3-9474-1A3956D46DE8}") = "ParallelProgramming", "ParallelProgramming", "{ED1D333D-69B7-4ADC-8538-F953C598F12A}"
EndProject
Project("{2150E333-8FDC-42A3-9474-1A3956D46DE8}") = "SolidDesignPrinciples", "SolidDesignPrinciples", "{E8A6F063-F69D-411E-8840-BA3FC7750579}"
EndProject
Project("{2150E333-8FDC-42A3-9474-1A3956D46DE8}") = "DataStructure", "DataStructure", "{D1387937-7289-4DB5-8D00-D58B39914EB3}"
	ProjectSection(SolutionItems) = preProject
		DataStructur_Notes.txt = DataStructur_Notes.txt
	EndProjectSection
EndProject
Project("{2150E333-8FDC-42A3-9474-1A3956D46DE8}") = "Algorithms", "Algorithms", "{62D4F934-DEE7-4040-A756-6A95690AFCCA}"
	ProjectSection(SolutionItems) = preProject
		Algorithm_Notes.txt = Algorithm_Notes.txt
	EndProjectSection
EndProject
Project("{2150E333-8FDC-42A3-9474-1A3956D46DE8}") = "BehavioralDesignPattern", "BehavioralDesignPattern", "{B3965B06-629F-48FA-9754-1233A342C36F}"
EndProject
Project("{FAE04EC0-301F-11D3-BF4B-00C04F79EFBC}") = "SingletonWithLazyInitialization", "SingletonWithLazyInitialization\SingletonWithLazyInitialization.csproj", "{DDB153EA-E8A1-449B-8C64-728CEA5AE4E0}"
EndProject
Project("{FAE04EC0-301F-11D3-BF4B-00C04F79EFBC}") = "SingletonPracticeWithLock", "SingletonPracticeWithLock\SingletonPracticeWithLock.csproj", "{29A46D55-C8B7-47E5-BCAC-321D9B27ECD7}"
EndProject
Project("{FAE04EC0-301F-11D3-BF4B-00C04F79EFBC}") = "SingletonRealLifeExamples", "SingletonRealLifeExamples\SingletonRealLifeExamples.csproj", "{802611E8-38F4-4632-87D2-49A1B27B3768}"
EndProject
Project("{FAE04EC0-301F-11D3-BF4B-00C04F79EFBC}") = "FactoryMethodDesignPatternRealLifeExample", "FactoryMethodDesignPatternRealLifeExample\FactoryMethodDesignPatternRealLifeExample.csproj", "{1780D905-B06A-45FD-B2FF-22A2CF518720}"
EndProject
Project("{FAE04EC0-301F-11D3-BF4B-00C04F79EFBC}") = "FactoryMethodVehicleService", "FactoryMethodVehicleService\FactoryMethodVehicleService.csproj", "{B34D1A97-23E9-4109-AB58-F6BC27F6AAA1}"
EndProject
Project("{FAE04EC0-301F-11D3-BF4B-00C04F79EFBC}") = "BuilderPatternCarExample", "BuilderPatternCarExample\BuilderPatternCarExample.csproj", "{0DEC8D8B-2DD4-4320-8E6F-9BE11B964368}"
EndProject
Project("{FAE04EC0-301F-11D3-BF4B-00C04F79EFBC}") = "PrototypeDesignPattern", "PrototypeDesignPattern\PrototypeDesignPattern.csproj", "{C4E30E52-EFAD-4934-AFFF-BC9EB07DBB42}"
EndProject
Project("{FAE04EC0-301F-11D3-BF4B-00C04F79EFBC}") = "MemberwiseCloneMethodExample", "MemberwiseCloneMethodExample\MemberwiseCloneMethodExample.csproj", "{92D096F0-7EB4-469F-A84B-3402C98E282F}"
EndProject
Project("{FAE04EC0-301F-11D3-BF4B-00C04F79EFBC}") = "ReadonlyExamples", "ReadonlyExamples\ReadonlyExamples.csproj", "{3715E8A1-8FE6-4E33-B3E7-628BC9056165}"
EndProject
Project("{FAE04EC0-301F-11D3-BF4B-00C04F79EFBC}") = "CallByReference", "CallByReference\CallByReference.csproj", "{CF086297-2DEF-4DD9-B6D6-C71FF2B95722}"
EndProject
Project("{FAE04EC0-301F-11D3-BF4B-00C04F79EFBC}") = "CallByValue", "CallByValue\CallByValue.csproj", "{A4301F5B-26CD-4FBE-B715-3E9F3F72DA02}"
EndProject
Project("{FAE04EC0-301F-11D3-BF4B-00C04F79EFBC}") = "OutKeyword", "OutKeyword\OutKeyword.csproj", "{185FE945-8288-4384-8581-FBA0719E6E79}"
EndProject
Project("{FAE04EC0-301F-11D3-BF4B-00C04F79EFBC}") = "ShallowCopy", "ShallowAndDeepCopy\ShallowCopy.csproj", "{70DC1899-1F9B-4100-AD28-C4B45CC7F984}"
EndProject
Project("{FAE04EC0-301F-11D3-BF4B-00C04F79EFBC}") = "ShallowCopyExample", "ShallowCopyExample\ShallowCopyExample.csproj", "{F0D5B314-B7E6-49EF-A27B-F38D5F9445B1}"
EndProject
Project("{FAE04EC0-301F-11D3-BF4B-00C04F79EFBC}") = "DeepCopyExample", "DeepCopyExample\DeepCopyExample.csproj", "{369200B9-0D18-4877-BE1E-50011C1DCD2C}"
EndProject
Project("{2150E333-8FDC-42A3-9474-1A3956D46DE8}") = "Array", "Array", "{9C1A6610-C0CC-423D-B97C-14E0A6456CA9}"
EndProject
Project("{2150E333-8FDC-42A3-9474-1A3956D46DE8}") = "ArrayList", "ArrayList", "{13B1C5D3-D196-4FC5-B5B4-F09DB4288E2A}"
EndProject
Project("{2150E333-8FDC-42A3-9474-1A3956D46DE8}") = "List", "List", "{120D6ADF-BC54-45DB-85F2-C945560CADE2}"
EndProject
Project("{2150E333-8FDC-42A3-9474-1A3956D46DE8}") = "Dictionary", "Dictionary", "{06AED8BF-8086-4A11-820E-E8917709788D}"
EndProject
Project("{2150E333-8FDC-42A3-9474-1A3956D46DE8}") = "HashSet", "HashSet", "{31EBAB03-FDAB-4C9F-AD9D-865CA216173A}"
EndProject
Project("{FAE04EC0-301F-11D3-BF4B-00C04F79EFBC}") = "DeepCopy", "DeepCopy\DeepCopy.csproj", "{41FDE800-1521-4763-87E3-7BF9991653AB}"
EndProject
Project("{FAE04EC0-301F-11D3-BF4B-00C04F79EFBC}") = "DisplayArrayElements", "DisplayArrayElements\DisplayArrayElements.csproj", "{0B15B47A-2A30-420E-AEC8-BB8E6F7103CB}"
EndProject
Project("{FAE04EC0-301F-11D3-BF4B-00C04F79EFBC}") = "FindMaximumElement", "FindMaximumElement\FindMaximumElement.csproj", "{2815687F-57D3-438B-946D-41751EB1C066}"
EndProject
Project("{FAE04EC0-301F-11D3-BF4B-00C04F79EFBC}") = "FindMinimumElement", "FindMinimumElement\FindMinimumElement.csproj", "{92BFA511-7F01-44B3-97C9-0587B40D4A51}"
EndProject
Project("{FAE04EC0-301F-11D3-BF4B-00C04F79EFBC}") = "SumOfElements", "SumOfElements\SumOfElements.csproj", "{49CA1D68-578D-4630-9771-58CC9EB7C76F}"
EndProject
Project("{FAE04EC0-301F-11D3-BF4B-00C04F79EFBC}") = "CalculateAverage", "CalculateAverage\CalculateAverage.csproj", "{4F07D6F4-72E5-4F44-8282-7CF73F0594D2}"
EndProject
Project("{FAE04EC0-301F-11D3-BF4B-00C04F79EFBC}") = "SearchElement", "SearchElement\SearchElement.csproj", "{4759010A-0950-4E24-A3B7-FBBB684A27F4}"
EndProject
Project("{FAE04EC0-301F-11D3-BF4B-00C04F79EFBC}") = "ReverseArray", "ReverseArray\ReverseArray.csproj", "{FF6F5391-16A5-4029-9C14-9C12D8F070CD}"
EndProject
Project("{FAE04EC0-301F-11D3-BF4B-00C04F79EFBC}") = "SortArray", "SortArray\SortArray.csproj", "{9735D7E8-A3D6-4AF9-824F-3EC23DD8EE8D}"
EndProject
Project("{FAE04EC0-301F-11D3-BF4B-00C04F79EFBC}") = "EvenOddCount", "EvenOddCount\EvenOddCount.csproj", "{022CF54F-720A-4BD8-8746-D36E3A82CD57}"
EndProject
Project("{FAE04EC0-301F-11D3-BF4B-00C04F79EFBC}") = "CopyElementsToANotherArray", "CopyElementsToANotherArray\CopyElementsToANotherArray.csproj", "{344970C1-870C-4059-8A09-29C355210E5C}"
EndProject
Project("{FAE04EC0-301F-11D3-BF4B-00C04F79EFBC}") = "RemoveDuplicateElement", "RemoveDuplicateElement\RemoveDuplicateElement.csproj", "{2B3E9C85-8571-43BC-BF77-F1B21744F022}"
EndProject
Project("{2150E333-8FDC-42A3-9474-1A3956D46DE8}") = "Strings", "Strings", "{C1398922-083D-435C-A8F8-88955605B829}"
EndProject
Project("{FAE04EC0-301F-11D3-BF4B-00C04F79EFBC}") = "ReverseString", "ReverseString\ReverseString.csproj", "{B7678CDB-BC41-4628-80CD-8EDDD8856A26}"
EndProject
Project("{FAE04EC0-301F-11D3-BF4B-00C04F79EFBC}") = "SingletonPractice", "SingletonPractice\SingletonPractice.csproj", "{C8DD8CB3-F0EB-4AA3-BA13-463322C8DA47}"
EndProject
Project("{2150E333-8FDC-42A3-9474-1A3956D46DE8}") = "LeetCode", "LeetCode", "{F94190BB-ACF9-4E79-B1C6-ECC2BCCAE45B}"
EndProject
Project("{FAE04EC0-301F-11D3-BF4B-00C04F79EFBC}") = "BestTimeToBuyAndSellStock_121_Easy", "BestTimeToBuyAndSellStock_121_Easy\BestTimeToBuyAndSellStock_121_Easy.csproj", "{A11ACDA0-CA1F-4B5C-904D-30CC96A85FB3}"
EndProject
Project("{FAE04EC0-301F-11D3-BF4B-00C04F79EFBC}") = "TwoSum_2_Easy", "TwoSum_2_Easy\TwoSum_2_Easy.csproj", "{2701FE95-C198-4706-867C-AC609756B90C}"
EndProject
Project("{FAE04EC0-301F-11D3-BF4B-00C04F79EFBC}") = "AddTwoNumbers_2_Medium", "AddTwoNumbers_2_Medium\AddTwoNumbers_2_Medium.csproj", "{6B36BD61-D0F9-435B-877B-EDBD5AF1ECB3}"
EndProject
Project("{FAE04EC0-301F-11D3-BF4B-00C04F79EFBC}") = "ListOperations", "ListOperations\ListOperations.csproj", "{D720F0E2-EBD5-487F-8203-D85C7F6E3088}"
EndProject
Project("{FAE04EC0-301F-11D3-BF4B-00C04F79EFBC}") = "ListExample", "ListExample\ListExample.csproj", "{ED7A816B-1C00-4611-9237-E9BB95B78FBA}"
EndProject
Project("{FAE04EC0-301F-11D3-BF4B-00C04F79EFBC}") = "InsertElementAtASpecificPosition", "InsertElementAtASpecificPosition\InsertElementAtASpecificPosition.csproj", "{DEAE9E49-2B47-4DA9-BA20-3DFA7D01F213}"
EndProject
Project("{2150E333-8FDC-42A3-9474-1A3956D46DE8}") = "LinkedList", "LinkedList", "{9B6C2DE3-BA41-4ECF-9D86-1A382C453795}"
EndProject
Project("{FAE04EC0-301F-11D3-BF4B-00C04F79EFBC}") = "AddElementLinkedList", "AddElementLinkedList\AddElementLinkedList.csproj", "{FAFDE12C-38AC-4E04-8BE7-B7C98878A3DA}"
EndProject
Project("{FAE04EC0-301F-11D3-BF4B-00C04F79EFBC}") = "RemoveElementsFromLinkedList", "RemoveElementsFromLinkedList\RemoveElementsFromLinkedList.csproj", "{4E53E63D-733B-423F-B3E8-C9AA2760DB2A}"
EndProject
Project("{FAE04EC0-301F-11D3-BF4B-00C04F79EFBC}") = "DictionaryExample", "DictionaryExample\DictionaryExample.csproj", "{7085B681-0120-434B-9C9E-A0B40B51B324}"
EndProject
Project("{FAE04EC0-301F-11D3-BF4B-00C04F79EFBC}") = "ConcurrentDictionaryExample", "ConcurrentDictionaryExample\ConcurrentDictionaryExample.csproj", "{BCBA27CE-E04E-4CD0-A1DB-0D36D5C83A6F}"
EndProject
Project("{2150E333-8FDC-42A3-9474-1A3956D46DE8}") = "CompanyWise", "CompanyWise", "{042F77AA-5A2D-47CC-A98D-506E91077360}"
EndProject
Project("{2150E333-8FDC-42A3-9474-1A3956D46DE8}") = "O9Solutions", "O9Solutions", "{EDB2FD70-67A6-40CC-9463-44CDE414E629}"
EndProject
Project("{FAE04EC0-301F-11D3-BF4B-00C04F79EFBC}") = "MaximumCandleBurnt", "MaximumCandleBurnt\MaximumCandleBurnt.csproj", "{5AFB9133-0897-4FD4-A790-394ED19FD3FE}"
EndProject
Project("{FAE04EC0-301F-11D3-BF4B-00C04F79EFBC}") = "Miscellaneous", "Miscellaneous\Miscellaneous.csproj", "{00C24166-C55A-43CF-8C82-57C531160D90}"
EndProject
Project("{FAE04EC0-301F-11D3-BF4B-00C04F79EFBC}") = "ClassAndObject", "ClassAndObject\ClassAndObject.csproj", "{5475966C-21AB-46AE-822B-0F3856D47E01}"
EndProject
Project("{FAE04EC0-301F-11D3-BF4B-00C04F79EFBC}") = "Encapsulation", "Encapsulation\Encapsulation.csproj", "{6491363D-9B36-4165-9023-A6FBD32817C9}"
EndProject
Project("{FAE04EC0-301F-11D3-BF4B-00C04F79EFBC}") = "Inheritance", "Inheritance\Inheritance.csproj", "{A15D5A64-5913-44B3-A98E-D75315A5CD84}"
EndProject
Project("{FAE04EC0-301F-11D3-BF4B-00C04F79EFBC}") = "PalindromeNumber", "PalindromeNumber\PalindromeNumber.csproj", "{2DFC24ED-2305-43B6-9EBF-152E0C4D1460}"
EndProject
Project("{FAE04EC0-301F-11D3-BF4B-00C04F79EFBC}") = "RomanToInteger", "RomanToInteger\RomanToInteger.csproj", "{F95BF8AC-3295-4167-8C81-6D5776FBFD1B}"
EndProject
Global
	GlobalSection(SolutionConfigurationPlatforms) = preSolution
		Debug|Any CPU = Debug|Any CPU
		Release|Any CPU = Release|Any CPU
	EndGlobalSection
	GlobalSection(ProjectConfigurationPlatforms) = postSolution
		{0415524F-2A5F-44AC-943D-013E52448910}.Debug|Any CPU.ActiveCfg = Debug|Any CPU
		{0415524F-2A5F-44AC-943D-013E52448910}.Debug|Any CPU.Build.0 = Debug|Any CPU
		{0415524F-2A5F-44AC-943D-013E52448910}.Release|Any CPU.ActiveCfg = Release|Any CPU
		{0415524F-2A5F-44AC-943D-013E52448910}.Release|Any CPU.Build.0 = Release|Any CPU
		{02EA2629-EA7F-479D-BD69-31D8953BAAE1}.Debug|Any CPU.ActiveCfg = Debug|Any CPU
		{02EA2629-EA7F-479D-BD69-31D8953BAAE1}.Debug|Any CPU.Build.0 = Debug|Any CPU
		{02EA2629-EA7F-479D-BD69-31D8953BAAE1}.Release|Any CPU.ActiveCfg = Release|Any CPU
		{02EA2629-EA7F-479D-BD69-31D8953BAAE1}.Release|Any CPU.Build.0 = Release|Any CPU
		{A1FDD1EF-1A48-4974-9B85-481E159CF3BC}.Debug|Any CPU.ActiveCfg = Debug|Any CPU
		{A1FDD1EF-1A48-4974-9B85-481E159CF3BC}.Debug|Any CPU.Build.0 = Debug|Any CPU
		{A1FDD1EF-1A48-4974-9B85-481E159CF3BC}.Release|Any CPU.ActiveCfg = Release|Any CPU
		{A1FDD1EF-1A48-4974-9B85-481E159CF3BC}.Release|Any CPU.Build.0 = Release|Any CPU
		{D0B95BAC-46E3-4680-B398-546B0AC473B4}.Debug|Any CPU.ActiveCfg = Debug|Any CPU
		{D0B95BAC-46E3-4680-B398-546B0AC473B4}.Debug|Any CPU.Build.0 = Debug|Any CPU
		{D0B95BAC-46E3-4680-B398-546B0AC473B4}.Release|Any CPU.ActiveCfg = Release|Any CPU
		{D0B95BAC-46E3-4680-B398-546B0AC473B4}.Release|Any CPU.Build.0 = Release|Any CPU
		{5B1DCC34-DD24-48FD-A2B9-09C56528D057}.Debug|Any CPU.ActiveCfg = Debug|Any CPU
		{5B1DCC34-DD24-48FD-A2B9-09C56528D057}.Debug|Any CPU.Build.0 = Debug|Any CPU
		{5B1DCC34-DD24-48FD-A2B9-09C56528D057}.Release|Any CPU.ActiveCfg = Release|Any CPU
		{5B1DCC34-DD24-48FD-A2B9-09C56528D057}.Release|Any CPU.Build.0 = Release|Any CPU
		{7A052261-13EB-4637-9EF9-98CC4282B306}.Debug|Any CPU.ActiveCfg = Debug|Any CPU
		{7A052261-13EB-4637-9EF9-98CC4282B306}.Debug|Any CPU.Build.0 = Debug|Any CPU
		{7A052261-13EB-4637-9EF9-98CC4282B306}.Release|Any CPU.ActiveCfg = Release|Any CPU
		{7A052261-13EB-4637-9EF9-98CC4282B306}.Release|Any CPU.Build.0 = Release|Any CPU
		{EDFE2315-D184-4FDE-97D6-649A957C5075}.Debug|Any CPU.ActiveCfg = Debug|Any CPU
		{EDFE2315-D184-4FDE-97D6-649A957C5075}.Debug|Any CPU.Build.0 = Debug|Any CPU
		{EDFE2315-D184-4FDE-97D6-649A957C5075}.Release|Any CPU.ActiveCfg = Release|Any CPU
		{EDFE2315-D184-4FDE-97D6-649A957C5075}.Release|Any CPU.Build.0 = Release|Any CPU
		{0D82AA20-9A9F-46D5-9E49-406517B5B9BE}.Debug|Any CPU.ActiveCfg = Debug|Any CPU
		{0D82AA20-9A9F-46D5-9E49-406517B5B9BE}.Debug|Any CPU.Build.0 = Debug|Any CPU
		{0D82AA20-9A9F-46D5-9E49-406517B5B9BE}.Release|Any CPU.ActiveCfg = Release|Any CPU
		{0D82AA20-9A9F-46D5-9E49-406517B5B9BE}.Release|Any CPU.Build.0 = Release|Any CPU
		{DDB153EA-E8A1-449B-8C64-728CEA5AE4E0}.Debug|Any CPU.ActiveCfg = Debug|Any CPU
		{DDB153EA-E8A1-449B-8C64-728CEA5AE4E0}.Debug|Any CPU.Build.0 = Debug|Any CPU
		{DDB153EA-E8A1-449B-8C64-728CEA5AE4E0}.Release|Any CPU.ActiveCfg = Release|Any CPU
		{DDB153EA-E8A1-449B-8C64-728CEA5AE4E0}.Release|Any CPU.Build.0 = Release|Any CPU
		{29A46D55-C8B7-47E5-BCAC-321D9B27ECD7}.Debug|Any CPU.ActiveCfg = Debug|Any CPU
		{29A46D55-C8B7-47E5-BCAC-321D9B27ECD7}.Debug|Any CPU.Build.0 = Debug|Any CPU
		{29A46D55-C8B7-47E5-BCAC-321D9B27ECD7}.Release|Any CPU.ActiveCfg = Release|Any CPU
		{29A46D55-C8B7-47E5-BCAC-321D9B27ECD7}.Release|Any CPU.Build.0 = Release|Any CPU
		{802611E8-38F4-4632-87D2-49A1B27B3768}.Debug|Any CPU.ActiveCfg = Debug|Any CPU
		{802611E8-38F4-4632-87D2-49A1B27B3768}.Debug|Any CPU.Build.0 = Debug|Any CPU
		{802611E8-38F4-4632-87D2-49A1B27B3768}.Release|Any CPU.ActiveCfg = Release|Any CPU
		{802611E8-38F4-4632-87D2-49A1B27B3768}.Release|Any CPU.Build.0 = Release|Any CPU
		{1780D905-B06A-45FD-B2FF-22A2CF518720}.Debug|Any CPU.ActiveCfg = Debug|Any CPU
		{1780D905-B06A-45FD-B2FF-22A2CF518720}.Debug|Any CPU.Build.0 = Debug|Any CPU
		{1780D905-B06A-45FD-B2FF-22A2CF518720}.Release|Any CPU.ActiveCfg = Release|Any CPU
		{1780D905-B06A-45FD-B2FF-22A2CF518720}.Release|Any CPU.Build.0 = Release|Any CPU
		{B34D1A97-23E9-4109-AB58-F6BC27F6AAA1}.Debug|Any CPU.ActiveCfg = Debug|Any CPU
		{B34D1A97-23E9-4109-AB58-F6BC27F6AAA1}.Debug|Any CPU.Build.0 = Debug|Any CPU
		{B34D1A97-23E9-4109-AB58-F6BC27F6AAA1}.Release|Any CPU.ActiveCfg = Release|Any CPU
		{B34D1A97-23E9-4109-AB58-F6BC27F6AAA1}.Release|Any CPU.Build.0 = Release|Any CPU
		{0DEC8D8B-2DD4-4320-8E6F-9BE11B964368}.Debug|Any CPU.ActiveCfg = Debug|Any CPU
		{0DEC8D8B-2DD4-4320-8E6F-9BE11B964368}.Debug|Any CPU.Build.0 = Debug|Any CPU
		{0DEC8D8B-2DD4-4320-8E6F-9BE11B964368}.Release|Any CPU.ActiveCfg = Release|Any CPU
		{0DEC8D8B-2DD4-4320-8E6F-9BE11B964368}.Release|Any CPU.Build.0 = Release|Any CPU
		{C4E30E52-EFAD-4934-AFFF-BC9EB07DBB42}.Debug|Any CPU.ActiveCfg = Debug|Any CPU
		{C4E30E52-EFAD-4934-AFFF-BC9EB07DBB42}.Debug|Any CPU.Build.0 = Debug|Any CPU
		{C4E30E52-EFAD-4934-AFFF-BC9EB07DBB42}.Release|Any CPU.ActiveCfg = Release|Any CPU
		{C4E30E52-EFAD-4934-AFFF-BC9EB07DBB42}.Release|Any CPU.Build.0 = Release|Any CPU
		{92D096F0-7EB4-469F-A84B-3402C98E282F}.Debug|Any CPU.ActiveCfg = Debug|Any CPU
		{92D096F0-7EB4-469F-A84B-3402C98E282F}.Debug|Any CPU.Build.0 = Debug|Any CPU
		{92D096F0-7EB4-469F-A84B-3402C98E282F}.Release|Any CPU.ActiveCfg = Release|Any CPU
		{92D096F0-7EB4-469F-A84B-3402C98E282F}.Release|Any CPU.Build.0 = Release|Any CPU
		{3715E8A1-8FE6-4E33-B3E7-628BC9056165}.Debug|Any CPU.ActiveCfg = Debug|Any CPU
		{3715E8A1-8FE6-4E33-B3E7-628BC9056165}.Debug|Any CPU.Build.0 = Debug|Any CPU
		{3715E8A1-8FE6-4E33-B3E7-628BC9056165}.Release|Any CPU.ActiveCfg = Release|Any CPU
		{3715E8A1-8FE6-4E33-B3E7-628BC9056165}.Release|Any CPU.Build.0 = Release|Any CPU
		{CF086297-2DEF-4DD9-B6D6-C71FF2B95722}.Debug|Any CPU.ActiveCfg = Debug|Any CPU
		{CF086297-2DEF-4DD9-B6D6-C71FF2B95722}.Debug|Any CPU.Build.0 = Debug|Any CPU
		{CF086297-2DEF-4DD9-B6D6-C71FF2B95722}.Release|Any CPU.ActiveCfg = Release|Any CPU
		{CF086297-2DEF-4DD9-B6D6-C71FF2B95722}.Release|Any CPU.Build.0 = Release|Any CPU
		{A4301F5B-26CD-4FBE-B715-3E9F3F72DA02}.Debug|Any CPU.ActiveCfg = Debug|Any CPU
		{A4301F5B-26CD-4FBE-B715-3E9F3F72DA02}.Debug|Any CPU.Build.0 = Debug|Any CPU
		{A4301F5B-26CD-4FBE-B715-3E9F3F72DA02}.Release|Any CPU.ActiveCfg = Release|Any CPU
		{A4301F5B-26CD-4FBE-B715-3E9F3F72DA02}.Release|Any CPU.Build.0 = Release|Any CPU
		{185FE945-8288-4384-8581-FBA0719E6E79}.Debug|Any CPU.ActiveCfg = Debug|Any CPU
		{185FE945-8288-4384-8581-FBA0719E6E79}.Debug|Any CPU.Build.0 = Debug|Any CPU
		{185FE945-8288-4384-8581-FBA0719E6E79}.Release|Any CPU.ActiveCfg = Release|Any CPU
		{185FE945-8288-4384-8581-FBA0719E6E79}.Release|Any CPU.Build.0 = Release|Any CPU
		{70DC1899-1F9B-4100-AD28-C4B45CC7F984}.Debug|Any CPU.ActiveCfg = Debug|Any CPU
		{70DC1899-1F9B-4100-AD28-C4B45CC7F984}.Debug|Any CPU.Build.0 = Debug|Any CPU
		{70DC1899-1F9B-4100-AD28-C4B45CC7F984}.Release|Any CPU.ActiveCfg = Release|Any CPU
		{70DC1899-1F9B-4100-AD28-C4B45CC7F984}.Release|Any CPU.Build.0 = Release|Any CPU
		{F0D5B314-B7E6-49EF-A27B-F38D5F9445B1}.Debug|Any CPU.ActiveCfg = Debug|Any CPU
		{F0D5B314-B7E6-49EF-A27B-F38D5F9445B1}.Debug|Any CPU.Build.0 = Debug|Any CPU
		{F0D5B314-B7E6-49EF-A27B-F38D5F9445B1}.Release|Any CPU.ActiveCfg = Release|Any CPU
		{F0D5B314-B7E6-49EF-A27B-F38D5F9445B1}.Release|Any CPU.Build.0 = Release|Any CPU
		{369200B9-0D18-4877-BE1E-50011C1DCD2C}.Debug|Any CPU.ActiveCfg = Debug|Any CPU
		{369200B9-0D18-4877-BE1E-50011C1DCD2C}.Debug|Any CPU.Build.0 = Debug|Any CPU
		{369200B9-0D18-4877-BE1E-50011C1DCD2C}.Release|Any CPU.ActiveCfg = Release|Any CPU
		{369200B9-0D18-4877-BE1E-50011C1DCD2C}.Release|Any CPU.Build.0 = Release|Any CPU
		{41FDE800-1521-4763-87E3-7BF9991653AB}.Debug|Any CPU.ActiveCfg = Debug|Any CPU
		{41FDE800-1521-4763-87E3-7BF9991653AB}.Debug|Any CPU.Build.0 = Debug|Any CPU
		{41FDE800-1521-4763-87E3-7BF9991653AB}.Release|Any CPU.ActiveCfg = Release|Any CPU
		{41FDE800-1521-4763-87E3-7BF9991653AB}.Release|Any CPU.Build.0 = Release|Any CPU
		{0B15B47A-2A30-420E-AEC8-BB8E6F7103CB}.Debug|Any CPU.ActiveCfg = Debug|Any CPU
		{0B15B47A-2A30-420E-AEC8-BB8E6F7103CB}.Debug|Any CPU.Build.0 = Debug|Any CPU
		{0B15B47A-2A30-420E-AEC8-BB8E6F7103CB}.Release|Any CPU.ActiveCfg = Release|Any CPU
		{0B15B47A-2A30-420E-AEC8-BB8E6F7103CB}.Release|Any CPU.Build.0 = Release|Any CPU
		{2815687F-57D3-438B-946D-41751EB1C066}.Debug|Any CPU.ActiveCfg = Debug|Any CPU
		{2815687F-57D3-438B-946D-41751EB1C066}.Debug|Any CPU.Build.0 = Debug|Any CPU
		{2815687F-57D3-438B-946D-41751EB1C066}.Release|Any CPU.ActiveCfg = Release|Any CPU
		{2815687F-57D3-438B-946D-41751EB1C066}.Release|Any CPU.Build.0 = Release|Any CPU
		{92BFA511-7F01-44B3-97C9-0587B40D4A51}.Debug|Any CPU.ActiveCfg = Debug|Any CPU
		{92BFA511-7F01-44B3-97C9-0587B40D4A51}.Debug|Any CPU.Build.0 = Debug|Any CPU
		{92BFA511-7F01-44B3-97C9-0587B40D4A51}.Release|Any CPU.ActiveCfg = Release|Any CPU
		{92BFA511-7F01-44B3-97C9-0587B40D4A51}.Release|Any CPU.Build.0 = Release|Any CPU
		{49CA1D68-578D-4630-9771-58CC9EB7C76F}.Debug|Any CPU.ActiveCfg = Debug|Any CPU
		{49CA1D68-578D-4630-9771-58CC9EB7C76F}.Debug|Any CPU.Build.0 = Debug|Any CPU
		{49CA1D68-578D-4630-9771-58CC9EB7C76F}.Release|Any CPU.ActiveCfg = Release|Any CPU
		{49CA1D68-578D-4630-9771-58CC9EB7C76F}.Release|Any CPU.Build.0 = Release|Any CPU
		{4F07D6F4-72E5-4F44-8282-7CF73F0594D2}.Debug|Any CPU.ActiveCfg = Debug|Any CPU
		{4F07D6F4-72E5-4F44-8282-7CF73F0594D2}.Debug|Any CPU.Build.0 = Debug|Any CPU
		{4F07D6F4-72E5-4F44-8282-7CF73F0594D2}.Release|Any CPU.ActiveCfg = Release|Any CPU
		{4F07D6F4-72E5-4F44-8282-7CF73F0594D2}.Release|Any CPU.Build.0 = Release|Any CPU
		{4759010A-0950-4E24-A3B7-FBBB684A27F4}.Debug|Any CPU.ActiveCfg = Debug|Any CPU
		{4759010A-0950-4E24-A3B7-FBBB684A27F4}.Debug|Any CPU.Build.0 = Debug|Any CPU
		{4759010A-0950-4E24-A3B7-FBBB684A27F4}.Release|Any CPU.ActiveCfg = Release|Any CPU
		{4759010A-0950-4E24-A3B7-FBBB684A27F4}.Release|Any CPU.Build.0 = Release|Any CPU
		{FF6F5391-16A5-4029-9C14-9C12D8F070CD}.Debug|Any CPU.ActiveCfg = Debug|Any CPU
		{FF6F5391-16A5-4029-9C14-9C12D8F070CD}.Debug|Any CPU.Build.0 = Debug|Any CPU
		{FF6F5391-16A5-4029-9C14-9C12D8F070CD}.Release|Any CPU.ActiveCfg = Release|Any CPU
		{FF6F5391-16A5-4029-9C14-9C12D8F070CD}.Release|Any CPU.Build.0 = Release|Any CPU
		{9735D7E8-A3D6-4AF9-824F-3EC23DD8EE8D}.Debug|Any CPU.ActiveCfg = Debug|Any CPU
		{9735D7E8-A3D6-4AF9-824F-3EC23DD8EE8D}.Debug|Any CPU.Build.0 = Debug|Any CPU
		{9735D7E8-A3D6-4AF9-824F-3EC23DD8EE8D}.Release|Any CPU.ActiveCfg = Release|Any CPU
		{9735D7E8-A3D6-4AF9-824F-3EC23DD8EE8D}.Release|Any CPU.Build.0 = Release|Any CPU
		{022CF54F-720A-4BD8-8746-D36E3A82CD57}.Debug|Any CPU.ActiveCfg = Debug|Any CPU
		{022CF54F-720A-4BD8-8746-D36E3A82CD57}.Debug|Any CPU.Build.0 = Debug|Any CPU
		{022CF54F-720A-4BD8-8746-D36E3A82CD57}.Release|Any CPU.ActiveCfg = Release|Any CPU
		{022CF54F-720A-4BD8-8746-D36E3A82CD57}.Release|Any CPU.Build.0 = Release|Any CPU
		{344970C1-870C-4059-8A09-29C355210E5C}.Debug|Any CPU.ActiveCfg = Debug|Any CPU
		{344970C1-870C-4059-8A09-29C355210E5C}.Debug|Any CPU.Build.0 = Debug|Any CPU
		{344970C1-870C-4059-8A09-29C355210E5C}.Release|Any CPU.ActiveCfg = Release|Any CPU
		{344970C1-870C-4059-8A09-29C355210E5C}.Release|Any CPU.Build.0 = Release|Any CPU
		{2B3E9C85-8571-43BC-BF77-F1B21744F022}.Debug|Any CPU.ActiveCfg = Debug|Any CPU
		{2B3E9C85-8571-43BC-BF77-F1B21744F022}.Debug|Any CPU.Build.0 = Debug|Any CPU
		{2B3E9C85-8571-43BC-BF77-F1B21744F022}.Release|Any CPU.ActiveCfg = Release|Any CPU
		{2B3E9C85-8571-43BC-BF77-F1B21744F022}.Release|Any CPU.Build.0 = Release|Any CPU
		{B7678CDB-BC41-4628-80CD-8EDDD8856A26}.Debug|Any CPU.ActiveCfg = Debug|Any CPU
		{B7678CDB-BC41-4628-80CD-8EDDD8856A26}.Debug|Any CPU.Build.0 = Debug|Any CPU
		{B7678CDB-BC41-4628-80CD-8EDDD8856A26}.Release|Any CPU.ActiveCfg = Release|Any CPU
		{B7678CDB-BC41-4628-80CD-8EDDD8856A26}.Release|Any CPU.Build.0 = Release|Any CPU
		{C8DD8CB3-F0EB-4AA3-BA13-463322C8DA47}.Debug|Any CPU.ActiveCfg = Debug|Any CPU
		{C8DD8CB3-F0EB-4AA3-BA13-463322C8DA47}.Debug|Any CPU.Build.0 = Debug|Any CPU
		{C8DD8CB3-F0EB-4AA3-BA13-463322C8DA47}.Release|Any CPU.ActiveCfg = Release|Any CPU
		{C8DD8CB3-F0EB-4AA3-BA13-463322C8DA47}.Release|Any CPU.Build.0 = Release|Any CPU
		{A11ACDA0-CA1F-4B5C-904D-30CC96A85FB3}.Debug|Any CPU.ActiveCfg = Debug|Any CPU
		{A11ACDA0-CA1F-4B5C-904D-30CC96A85FB3}.Debug|Any CPU.Build.0 = Debug|Any CPU
		{A11ACDA0-CA1F-4B5C-904D-30CC96A85FB3}.Release|Any CPU.ActiveCfg = Release|Any CPU
		{A11ACDA0-CA1F-4B5C-904D-30CC96A85FB3}.Release|Any CPU.Build.0 = Release|Any CPU
		{2701FE95-C198-4706-867C-AC609756B90C}.Debug|Any CPU.ActiveCfg = Debug|Any CPU
		{2701FE95-C198-4706-867C-AC609756B90C}.Debug|Any CPU.Build.0 = Debug|Any CPU
		{2701FE95-C198-4706-867C-AC609756B90C}.Release|Any CPU.ActiveCfg = Release|Any CPU
		{2701FE95-C198-4706-867C-AC609756B90C}.Release|Any CPU.Build.0 = Release|Any CPU
		{6B36BD61-D0F9-435B-877B-EDBD5AF1ECB3}.Debug|Any CPU.ActiveCfg = Debug|Any CPU
		{6B36BD61-D0F9-435B-877B-EDBD5AF1ECB3}.Debug|Any CPU.Build.0 = Debug|Any CPU
		{6B36BD61-D0F9-435B-877B-EDBD5AF1ECB3}.Release|Any CPU.ActiveCfg = Release|Any CPU
		{6B36BD61-D0F9-435B-877B-EDBD5AF1ECB3}.Release|Any CPU.Build.0 = Release|Any CPU
		{D720F0E2-EBD5-487F-8203-D85C7F6E3088}.Debug|Any CPU.ActiveCfg = Debug|Any CPU
		{D720F0E2-EBD5-487F-8203-D85C7F6E3088}.Debug|Any CPU.Build.0 = Debug|Any CPU
		{D720F0E2-EBD5-487F-8203-D85C7F6E3088}.Release|Any CPU.ActiveCfg = Release|Any CPU
		{D720F0E2-EBD5-487F-8203-D85C7F6E3088}.Release|Any CPU.Build.0 = Release|Any CPU
		{ED7A816B-1C00-4611-9237-E9BB95B78FBA}.Debug|Any CPU.ActiveCfg = Debug|Any CPU
		{ED7A816B-1C00-4611-9237-E9BB95B78FBA}.Debug|Any CPU.Build.0 = Debug|Any CPU
		{ED7A816B-1C00-4611-9237-E9BB95B78FBA}.Release|Any CPU.ActiveCfg = Release|Any CPU
		{ED7A816B-1C00-4611-9237-E9BB95B78FBA}.Release|Any CPU.Build.0 = Release|Any CPU
		{DEAE9E49-2B47-4DA9-BA20-3DFA7D01F213}.Debug|Any CPU.ActiveCfg = Debug|Any CPU
		{DEAE9E49-2B47-4DA9-BA20-3DFA7D01F213}.Debug|Any CPU.Build.0 = Debug|Any CPU
		{DEAE9E49-2B47-4DA9-BA20-3DFA7D01F213}.Release|Any CPU.ActiveCfg = Release|Any CPU
		{DEAE9E49-2B47-4DA9-BA20-3DFA7D01F213}.Release|Any CPU.Build.0 = Release|Any CPU
		{FAFDE12C-38AC-4E04-8BE7-B7C98878A3DA}.Debug|Any CPU.ActiveCfg = Debug|Any CPU
		{FAFDE12C-38AC-4E04-8BE7-B7C98878A3DA}.Debug|Any CPU.Build.0 = Debug|Any CPU
		{FAFDE12C-38AC-4E04-8BE7-B7C98878A3DA}.Release|Any CPU.ActiveCfg = Release|Any CPU
		{FAFDE12C-38AC-4E04-8BE7-B7C98878A3DA}.Release|Any CPU.Build.0 = Release|Any CPU
		{4E53E63D-733B-423F-B3E8-C9AA2760DB2A}.Debug|Any CPU.ActiveCfg = Debug|Any CPU
		{4E53E63D-733B-423F-B3E8-C9AA2760DB2A}.Debug|Any CPU.Build.0 = Debug|Any CPU
		{4E53E63D-733B-423F-B3E8-C9AA2760DB2A}.Release|Any CPU.ActiveCfg = Release|Any CPU
		{4E53E63D-733B-423F-B3E8-C9AA2760DB2A}.Release|Any CPU.Build.0 = Release|Any CPU
		{7085B681-0120-434B-9C9E-A0B40B51B324}.Debug|Any CPU.ActiveCfg = Debug|Any CPU
		{7085B681-0120-434B-9C9E-A0B40B51B324}.Debug|Any CPU.Build.0 = Debug|Any CPU
		{7085B681-0120-434B-9C9E-A0B40B51B324}.Release|Any CPU.ActiveCfg = Release|Any CPU
		{7085B681-0120-434B-9C9E-A0B40B51B324}.Release|Any CPU.Build.0 = Release|Any CPU
		{BCBA27CE-E04E-4CD0-A1DB-0D36D5C83A6F}.Debug|Any CPU.ActiveCfg = Debug|Any CPU
		{BCBA27CE-E04E-4CD0-A1DB-0D36D5C83A6F}.Debug|Any CPU.Build.0 = Debug|Any CPU
		{BCBA27CE-E04E-4CD0-A1DB-0D36D5C83A6F}.Release|Any CPU.ActiveCfg = Release|Any CPU
		{BCBA27CE-E04E-4CD0-A1DB-0D36D5C83A6F}.Release|Any CPU.Build.0 = Release|Any CPU
		{5AFB9133-0897-4FD4-A790-394ED19FD3FE}.Debug|Any CPU.ActiveCfg = Debug|Any CPU
		{5AFB9133-0897-4FD4-A790-394ED19FD3FE}.Debug|Any CPU.Build.0 = Debug|Any CPU
		{5AFB9133-0897-4FD4-A790-394ED19FD3FE}.Release|Any CPU.ActiveCfg = Release|Any CPU
		{5AFB9133-0897-4FD4-A790-394ED19FD3FE}.Release|Any CPU.Build.0 = Release|Any CPU
		{00C24166-C55A-43CF-8C82-57C531160D90}.Debug|Any CPU.ActiveCfg = Debug|Any CPU
		{00C24166-C55A-43CF-8C82-57C531160D90}.Debug|Any CPU.Build.0 = Debug|Any CPU
		{00C24166-C55A-43CF-8C82-57C531160D90}.Release|Any CPU.ActiveCfg = Release|Any CPU
		{00C24166-C55A-43CF-8C82-57C531160D90}.Release|Any CPU.Build.0 = Release|Any CPU
		{5475966C-21AB-46AE-822B-0F3856D47E01}.Debug|Any CPU.ActiveCfg = Debug|Any CPU
		{5475966C-21AB-46AE-822B-0F3856D47E01}.Debug|Any CPU.Build.0 = Debug|Any CPU
		{5475966C-21AB-46AE-822B-0F3856D47E01}.Release|Any CPU.ActiveCfg = Release|Any CPU
		{5475966C-21AB-46AE-822B-0F3856D47E01}.Release|Any CPU.Build.0 = Release|Any CPU
		{6491363D-9B36-4165-9023-A6FBD32817C9}.Debug|Any CPU.ActiveCfg = Debug|Any CPU
		{6491363D-9B36-4165-9023-A6FBD32817C9}.Debug|Any CPU.Build.0 = Debug|Any CPU
		{6491363D-9B36-4165-9023-A6FBD32817C9}.Release|Any CPU.ActiveCfg = Release|Any CPU
		{6491363D-9B36-4165-9023-A6FBD32817C9}.Release|Any CPU.Build.0 = Release|Any CPU
		{A15D5A64-5913-44B3-A98E-D75315A5CD84}.Debug|Any CPU.ActiveCfg = Debug|Any CPU
		{A15D5A64-5913-44B3-A98E-D75315A5CD84}.Debug|Any CPU.Build.0 = Debug|Any CPU
		{A15D5A64-5913-44B3-A98E-D75315A5CD84}.Release|Any CPU.ActiveCfg = Release|Any CPU
		{A15D5A64-5913-44B3-A98E-D75315A5CD84}.Release|Any CPU.Build.0 = Release|Any CPU
		{2DFC24ED-2305-43B6-9EBF-152E0C4D1460}.Debug|Any CPU.ActiveCfg = Debug|Any CPU
		{2DFC24ED-2305-43B6-9EBF-152E0C4D1460}.Debug|Any CPU.Build.0 = Debug|Any CPU
		{2DFC24ED-2305-43B6-9EBF-152E0C4D1460}.Release|Any CPU.ActiveCfg = Release|Any CPU
		{2DFC24ED-2305-43B6-9EBF-152E0C4D1460}.Release|Any CPU.Build.0 = Release|Any CPU
		{F95BF8AC-3295-4167-8C81-6D5776FBFD1B}.Debug|Any CPU.ActiveCfg = Debug|Any CPU
		{F95BF8AC-3295-4167-8C81-6D5776FBFD1B}.Debug|Any CPU.Build.0 = Debug|Any CPU
		{F95BF8AC-3295-4167-8C81-6D5776FBFD1B}.Release|Any CPU.ActiveCfg = Release|Any CPU
		{F95BF8AC-3295-4167-8C81-6D5776FBFD1B}.Release|Any CPU.Build.0 = Release|Any CPU
	EndGlobalSection
	GlobalSection(SolutionProperties) = preSolution
		HideSolutionNode = FALSE
	EndGlobalSection
	GlobalSection(NestedProjects) = preSolution
		{A1FDD1EF-1A48-4974-9B85-481E159CF3BC} = {90263D66-20CD-4E26-9A76-84C94BBC8E9B}
		{D0B95BAC-46E3-4680-B398-546B0AC473B4} = {90263D66-20CD-4E26-9A76-84C94BBC8E9B}
		{5B1DCC34-DD24-48FD-A2B9-09C56528D057} = {90263D66-20CD-4E26-9A76-84C94BBC8E9B}
		{90263D66-20CD-4E26-9A76-84C94BBC8E9B} = {0970FBBF-F694-4CEF-BBF8-A2F0FCC05CBF}
		{2729D39F-72E9-4457-8036-D6385B981EE0} = {0970FBBF-F694-4CEF-BBF8-A2F0FCC05CBF}
		{7A052261-13EB-4637-9EF9-98CC4282B306} = {2729D39F-72E9-4457-8036-D6385B981EE0}
		{EDFE2315-D184-4FDE-97D6-649A957C5075} = {90263D66-20CD-4E26-9A76-84C94BBC8E9B}
		{0D82AA20-9A9F-46D5-9E49-406517B5B9BE} = {90263D66-20CD-4E26-9A76-84C94BBC8E9B}
		{D1387937-7289-4DB5-8D00-D58B39914EB3} = {E217925E-C113-44B3-9F5F-9FF8D8581E96}
		{62D4F934-DEE7-4040-A756-6A95690AFCCA} = {E217925E-C113-44B3-9F5F-9FF8D8581E96}
		{B3965B06-629F-48FA-9754-1233A342C36F} = {0970FBBF-F694-4CEF-BBF8-A2F0FCC05CBF}
		{DDB153EA-E8A1-449B-8C64-728CEA5AE4E0} = {90263D66-20CD-4E26-9A76-84C94BBC8E9B}
		{29A46D55-C8B7-47E5-BCAC-321D9B27ECD7} = {90263D66-20CD-4E26-9A76-84C94BBC8E9B}
		{802611E8-38F4-4632-87D2-49A1B27B3768} = {90263D66-20CD-4E26-9A76-84C94BBC8E9B}
		{1780D905-B06A-45FD-B2FF-22A2CF518720} = {90263D66-20CD-4E26-9A76-84C94BBC8E9B}
		{B34D1A97-23E9-4109-AB58-F6BC27F6AAA1} = {90263D66-20CD-4E26-9A76-84C94BBC8E9B}
		{0DEC8D8B-2DD4-4320-8E6F-9BE11B964368} = {90263D66-20CD-4E26-9A76-84C94BBC8E9B}
		{C4E30E52-EFAD-4934-AFFF-BC9EB07DBB42} = {90263D66-20CD-4E26-9A76-84C94BBC8E9B}
		{92D096F0-7EB4-469F-A84B-3402C98E282F} = {190686D1-4084-4D87-A6DE-7195E5BCCE2D}
		{3715E8A1-8FE6-4E33-B3E7-628BC9056165} = {190686D1-4084-4D87-A6DE-7195E5BCCE2D}
		{CF086297-2DEF-4DD9-B6D6-C71FF2B95722} = {190686D1-4084-4D87-A6DE-7195E5BCCE2D}
		{A4301F5B-26CD-4FBE-B715-3E9F3F72DA02} = {190686D1-4084-4D87-A6DE-7195E5BCCE2D}
		{185FE945-8288-4384-8581-FBA0719E6E79} = {190686D1-4084-4D87-A6DE-7195E5BCCE2D}
		{70DC1899-1F9B-4100-AD28-C4B45CC7F984} = {190686D1-4084-4D87-A6DE-7195E5BCCE2D}
		{F0D5B314-B7E6-49EF-A27B-F38D5F9445B1} = {190686D1-4084-4D87-A6DE-7195E5BCCE2D}
		{369200B9-0D18-4877-BE1E-50011C1DCD2C} = {190686D1-4084-4D87-A6DE-7195E5BCCE2D}
		{9C1A6610-C0CC-423D-B97C-14E0A6456CA9} = {CB459F93-9E83-4A6D-A33B-AD8242B2123C}
		{13B1C5D3-D196-4FC5-B5B4-F09DB4288E2A} = {CB459F93-9E83-4A6D-A33B-AD8242B2123C}
		{120D6ADF-BC54-45DB-85F2-C945560CADE2} = {CB459F93-9E83-4A6D-A33B-AD8242B2123C}
		{06AED8BF-8086-4A11-820E-E8917709788D} = {CB459F93-9E83-4A6D-A33B-AD8242B2123C}
		{31EBAB03-FDAB-4C9F-AD9D-865CA216173A} = {CB459F93-9E83-4A6D-A33B-AD8242B2123C}
		{41FDE800-1521-4763-87E3-7BF9991653AB} = {190686D1-4084-4D87-A6DE-7195E5BCCE2D}
		{0B15B47A-2A30-420E-AEC8-BB8E6F7103CB} = {9C1A6610-C0CC-423D-B97C-14E0A6456CA9}
		{2815687F-57D3-438B-946D-41751EB1C066} = {9C1A6610-C0CC-423D-B97C-14E0A6456CA9}
		{92BFA511-7F01-44B3-97C9-0587B40D4A51} = {9C1A6610-C0CC-423D-B97C-14E0A6456CA9}
		{49CA1D68-578D-4630-9771-58CC9EB7C76F} = {9C1A6610-C0CC-423D-B97C-14E0A6456CA9}
		{4F07D6F4-72E5-4F44-8282-7CF73F0594D2} = {9C1A6610-C0CC-423D-B97C-14E0A6456CA9}
		{4759010A-0950-4E24-A3B7-FBBB684A27F4} = {9C1A6610-C0CC-423D-B97C-14E0A6456CA9}
		{FF6F5391-16A5-4029-9C14-9C12D8F070CD} = {9C1A6610-C0CC-423D-B97C-14E0A6456CA9}
		{9735D7E8-A3D6-4AF9-824F-3EC23DD8EE8D} = {9C1A6610-C0CC-423D-B97C-14E0A6456CA9}
		{022CF54F-720A-4BD8-8746-D36E3A82CD57} = {9C1A6610-C0CC-423D-B97C-14E0A6456CA9}
		{344970C1-870C-4059-8A09-29C355210E5C} = {9C1A6610-C0CC-423D-B97C-14E0A6456CA9}
		{2B3E9C85-8571-43BC-BF77-F1B21744F022} = {9C1A6610-C0CC-423D-B97C-14E0A6456CA9}
		{B7678CDB-BC41-4628-80CD-8EDDD8856A26} = {C1398922-083D-435C-A8F8-88955605B829}
		{C8DD8CB3-F0EB-4AA3-BA13-463322C8DA47} = {90263D66-20CD-4E26-9A76-84C94BBC8E9B}
		{A11ACDA0-CA1F-4B5C-904D-30CC96A85FB3} = {F94190BB-ACF9-4E79-B1C6-ECC2BCCAE45B}
		{2701FE95-C198-4706-867C-AC609756B90C} = {F94190BB-ACF9-4E79-B1C6-ECC2BCCAE45B}
		{6B36BD61-D0F9-435B-877B-EDBD5AF1ECB3} = {F94190BB-ACF9-4E79-B1C6-ECC2BCCAE45B}
		{D720F0E2-EBD5-487F-8203-D85C7F6E3088} = {120D6ADF-BC54-45DB-85F2-C945560CADE2}
		{ED7A816B-1C00-4611-9237-E9BB95B78FBA} = {120D6ADF-BC54-45DB-85F2-C945560CADE2}
		{DEAE9E49-2B47-4DA9-BA20-3DFA7D01F213} = {120D6ADF-BC54-45DB-85F2-C945560CADE2}
		{9B6C2DE3-BA41-4ECF-9D86-1A382C453795} = {CB459F93-9E83-4A6D-A33B-AD8242B2123C}
		{FAFDE12C-38AC-4E04-8BE7-B7C98878A3DA} = {9B6C2DE3-BA41-4ECF-9D86-1A382C453795}
		{4E53E63D-733B-423F-B3E8-C9AA2760DB2A} = {9B6C2DE3-BA41-4ECF-9D86-1A382C453795}
		{7085B681-0120-434B-9C9E-A0B40B51B324} = {06AED8BF-8086-4A11-820E-E8917709788D}
		{BCBA27CE-E04E-4CD0-A1DB-0D36D5C83A6F} = {06AED8BF-8086-4A11-820E-E8917709788D}
		{EDB2FD70-67A6-40CC-9463-44CDE414E629} = {042F77AA-5A2D-47CC-A98D-506E91077360}
		{5AFB9133-0897-4FD4-A790-394ED19FD3FE} = {EDB2FD70-67A6-40CC-9463-44CDE414E629}
		{00C24166-C55A-43CF-8C82-57C531160D90} = {190686D1-4084-4D87-A6DE-7195E5BCCE2D}
		{5475966C-21AB-46AE-822B-0F3856D47E01} = {190686D1-4084-4D87-A6DE-7195E5BCCE2D}
		{6491363D-9B36-4165-9023-A6FBD32817C9} = {190686D1-4084-4D87-A6DE-7195E5BCCE2D}
		{A15D5A64-5913-44B3-A98E-D75315A5CD84} = {190686D1-4084-4D87-A6DE-7195E5BCCE2D}
		{2DFC24ED-2305-43B6-9EBF-152E0C4D1460} = {F94190BB-ACF9-4E79-B1C6-ECC2BCCAE45B}
		{F95BF8AC-3295-4167-8C81-6D5776FBFD1B} = {F94190BB-ACF9-4E79-B1C6-ECC2BCCAE45B}
	EndGlobalSection
	GlobalSection(ExtensibilityGlobals) = postSolution
		SolutionGuid = {B9A8786F-0FD5-4085-BA6B-F16A880761D9}
	EndGlobalSection
EndGlobal
